// !$*UTF8*$!
{
	archiveVersion = 1;
	classes = {
	};
	objectVersion = 50;
	objects = {

/* Begin PBXBuildFile section */
		702A842222A3DF0500F9DAD8 /* AppDelegate.swift in Sources */ = {isa = PBXBuildFile; fileRef = 702A842122A3DF0500F9DAD8 /* AppDelegate.swift */; };
		702A842422A3DF0500F9DAD8 /* ViewController.swift in Sources */ = {isa = PBXBuildFile; fileRef = 702A842322A3DF0500F9DAD8 /* ViewController.swift */; };
		702A842722A3DF0500F9DAD8 /* Main.storyboard in Resources */ = {isa = PBXBuildFile; fileRef = 702A842522A3DF0500F9DAD8 /* Main.storyboard */; };
		702A842A22A3DF0500F9DAD8 /* storeApp.xcdatamodeld in Sources */ = {isa = PBXBuildFile; fileRef = 702A842822A3DF0500F9DAD8 /* storeApp.xcdatamodeld */; };
		702A842C22A3DF0700F9DAD8 /* Assets.xcassets in Resources */ = {isa = PBXBuildFile; fileRef = 702A842B22A3DF0700F9DAD8 /* Assets.xcassets */; };
		702A842F22A3DF0700F9DAD8 /* LaunchScreen.storyboard in Resources */ = {isa = PBXBuildFile; fileRef = 702A842D22A3DF0700F9DAD8 /* LaunchScreen.storyboard */; };
		702A843722A3E89100F9DAD8 /* mCell.swift in Sources */ = {isa = PBXBuildFile; fileRef = 702A843622A3E89100F9DAD8 /* mCell.swift */; };
		702A843922A3EAEC00F9DAD8 /* AddItemViewController.swift in Sources */ = {isa = PBXBuildFile; fileRef = 702A843822A3EAEC00F9DAD8 /* AddItemViewController.swift */; };
		702A843B22A3ED8400F9DAD8 /* VCAddStore.swift in Sources */ = {isa = PBXBuildFile; fileRef = 702A843A22A3ED8400F9DAD8 /* VCAddStore.swift */; };
/* End PBXBuildFile section */

/* Begin PBXFileReference section */
		702A841E22A3DF0500F9DAD8 /* storeApp.app */ = {isa = PBXFileReference; explicitFileType = wrapper.application; includeInIndex = 0; path = storeApp.app; sourceTree = BUILT_PRODUCTS_DIR; };
		702A842122A3DF0500F9DAD8 /* AppDelegate.swift */ = {isa = PBXFileReference; lastKnownFileType = sourcecode.swift; path = AppDelegate.swift; sourceTree = "<group>"; };
		702A842322A3DF0500F9DAD8 /* ViewController.swift */ = {isa = PBXFileReference; lastKnownFileType = sourcecode.swift; path = ViewController.swift; sourceTree = "<group>"; };
		702A842622A3DF0500F9DAD8 /* Base */ = {isa = PBXFileReference; lastKnownFileType = file.storyboard; name = Base; path = Base.lproj/Main.storyboard; sourceTree = "<group>"; };
		702A842922A3DF0500F9DAD8 /* storeApp.xcdatamodel */ = {isa = PBXFileReference; lastKnownFileType = wrapper.xcdatamodel; path = storeApp.xcdatamodel; sourceTree = "<group>"; };
		702A842B22A3DF0700F9DAD8 /* Assets.xcassets */ = {isa = PBXFileReference; lastKnownFileType = folder.assetcatalog; path = Assets.xcassets; sourceTree = "<group>"; };
		702A842E22A3DF0700F9DAD8 /* Base */ = {isa = PBXFileReference; lastKnownFileType = file.storyboard; name = Base; path = Base.lproj/LaunchScreen.storyboard; sourceTree = "<group>"; };
		702A843022A3DF0700F9DAD8 /* Info.plist */ = {isa = PBXFileReference; lastKnownFileType = text.plist.xml; path = Info.plist; sourceTree = "<group>"; };
		702A843622A3E89100F9DAD8 /* mCell.swift */ = {isa = PBXFileReference; lastKnownFileType = sourcecode.swift; path = mCell.swift; sourceTree = "<group>"; };
		702A843822A3EAEC00F9DAD8 /* AddItemViewController.swift */ = {isa = PBXFileReference; lastKnownFileType = sourcecode.swift; path = AddItemViewController.swift; sourceTree = "<group>"; };
		702A843A22A3ED8400F9DAD8 /* VCAddStore.swift */ = {isa = PBXFileReference; lastKnownFileType = sourcecode.swift; path = VCAddStore.swift; sourceTree = "<group>"; };
/* End PBXFileReference section */

/* Begin PBXFrameworksBuildPhase section */
		702A841B22A3DF0500F9DAD8 /* Frameworks */ = {
			isa = PBXFrameworksBuildPhase;
			buildActionMask = 2147483647;
			files = (
			);
			runOnlyForDeploymentPostprocessing = 0;
		};
/* End PBXFrameworksBuildPhase section */

/* Begin PBXGroup section */
		702A841522A3DF0500F9DAD8 = {
			isa = PBXGroup;
			children = (
				702A842022A3DF0500F9DAD8 /* storeApp */,
				702A841F22A3DF0500F9DAD8 /* Products */,
			);
			sourceTree = "<group>";
		};
		702A841F22A3DF0500F9DAD8 /* Products */ = {
			isa = PBXGroup;
			children = (
				702A841E22A3DF0500F9DAD8 /* storeApp.app */,
			);
			name = Products;
			sourceTree = "<group>";
		};
		702A842022A3DF0500F9DAD8 /* storeApp */ = {
			isa = PBXGroup;
			children = (
				702A842122A3DF0500F9DAD8 /* AppDelegate.swift */,
				702A842322A3DF0500F9DAD8 /* ViewController.swift */,
				702A843622A3E89100F9DAD8 /* mCell.swift */,
				702A842522A3DF0500F9DAD8 /* Main.storyboard */,
				702A843A22A3ED8400F9DAD8 /* VCAddStore.swift */,
				702A843822A3EAEC00F9DAD8 /* AddItemViewController.swift */,
				702A842B22A3DF0700F9DAD8 /* Assets.xcassets */,
				702A842D22A3DF0700F9DAD8 /* LaunchScreen.storyboard */,
				702A843022A3DF0700F9DAD8 /* Info.plist */,
				702A842822A3DF0500F9DAD8 /* storeApp.xcdatamodeld */,
			);
			path = storeApp;
			sourceTree = "<group>";
		};
/* End PBXGroup section */

/* Begin PBXNativeTarget section */
		702A841D22A3DF0500F9DAD8 /* storeApp */ = {
			isa = PBXNativeTarget;
			buildConfigurationList = 702A843322A3DF0700F9DAD8 /* Build configuration list for PBXNativeTarget "storeApp" */;
			buildPhases = (
				702A841A22A3DF0500F9DAD8 /* Sources */,
				702A841B22A3DF0500F9DAD8 /* Frameworks */,
				702A841C22A3DF0500F9DAD8 /* Resources */,
			);
			buildRules = (
			);
			dependencies = (
			);
			name = storeApp;
			productName = storeApp;
			productReference = 702A841E22A3DF0500F9DAD8 /* storeApp.app */;
			productType = "com.apple.product-type.application";
		};
/* End PBXNativeTarget section */

/* Begin PBXProject section */
		702A841622A3DF0500F9DAD8 /* Project object */ = {
			isa = PBXProject;
			attributes = {
				LastSwiftUpdateCheck = 1020;
				LastUpgradeCheck = 1020;
				ORGANIZATIONNAME = "mohamed gamal mohamed";
				TargetAttributes = {
					702A841D22A3DF0500F9DAD8 = {
						CreatedOnToolsVersion = 10.2.1;
					};
				};
			};
			buildConfigurationList = 702A841922A3DF0500F9DAD8 /* Build configuration list for PBXProject "storeApp" */;
			compatibilityVersion = "Xcode 9.3";
			developmentRegion = en;
			hasScannedForEncodings = 0;
			knownRegions = (
				en,
				Base,
			);
			mainGroup = 702A841522A3DF0500F9DAD8;
			productRefGroup = 702A841F22A3DF0500F9DAD8 /* Products */;
			projectDirPath = "";
			projectRoot = "";
			targets = (
				702A841D22A3DF0500F9DAD8 /* storeApp */,
			);
		};
/* End PBXProject section */

/* Begin PBXResourcesBuildPhase section */
		702A841C22A3DF0500F9DAD8 /* Resources */ = {
			isa = PBXResourcesBuildPhase;
			buildActionMask = 2147483647;
			files = (
				702A842F22A3DF0700F9DAD8 /* LaunchScreen.storyboard in Resources */,
				702A842C22A3DF0700F9DAD8 /* Assets.xcassets in Resources */,
				702A842722A3DF0500F9DAD8 /* Main.storyboard in Resources */,
			);
			runOnlyForDeploymentPostprocessing = 0;
		};
/* End PBXResourcesBuildPhase section */

/* Begin PBXSourcesBuildPhase section */
		702A841A22A3DF0500F9DAD8 /* Sources */ = {
			isa = PBXSourcesBuildPhase;
			buildActionMask = 2147483647;
			files = (
				702A843922A3EAEC00F9DAD8 /* AddItemViewController.swift in Sources */,
				702A842A22A3DF0500F9DAD8 /* storeApp.xcdatamodeld in Sources */,
				702A843B22A3ED8400F9DAD8 /* VCAddStore.swift in Sources */,
				702A842422A3DF0500F9DAD8 /* ViewController.swift in Sources */,
				702A842222A3DF0500F9DAD8 /* AppDelegate.swift in Sources */,
				702A843722A3E89100F9DAD8 /* mCell.swift in Sources */,
			);
			runOnlyForDeploymentPostprocessing = 0;
		};
/* End PBXSourcesBuildPhase section */

/* Begin PBXVariantGroup section */
		702A842522A3DF0500F9DAD8 /* Main.storyboard */ = {
			isa = PBXVariantGroup;
			children = (
				702A842622A3DF0500F9DAD8 /* Base */,
			);
			name = Main.storyboard;
			sourceTree = "<group>";
		};
		702A842D22A3DF0700F9DAD8 /* LaunchScreen.storyboard */ = {
			isa = PBXVariantGroup;
			children = (
				702A842E22A3DF0700F9DAD8 /* Base */,
			);
			name = LaunchScreen.storyboard;
			sourceTree = "<group>";
		};
/* End PBXVariantGroup section */

/* Begin XCBuildConfiguration section */
		702A843122A3DF0700F9DAD8 /* Debug */ = {
			isa = XCBuildConfiguration;
			buildSettings = {
				ALWAYS_SEARCH_USER_PATHS = NO;
				CLANG_ANALYZER_NONNULL = YES;
				CLANG_ANALYZER_NUMBER_OBJECT_CONVERSION = YES_AGGRESSIVE;
				CLANG_CXX_LANGUAGE_STANDARD = "gnu++14";
				CLANG_CXX_LIBRARY = "libc++";
				CLANG_ENABLE_MODULES = YES;
				CLANG_ENABLE_OBJC_ARC = YES;
				CLANG_ENABLE_OBJC_WEAK = YES;
				CLANG_WARN_BLOCK_CAPTURE_AUTORELEASING = YES;
				CLANG_WARN_BOOL_CONVERSION = YES;
				CLANG_WARN_COMMA = YES;
				CLANG_WARN_CONSTANT_CONVERSION = YES;
				CLANG_WARN_DEPRECATED_OBJC_IMPLEMENTATIONS = YES;
				CLANG_WARN_DIRECT_OBJC_ISA_USAGE = YES_ERROR;
				CLANG_WARN_DOCUMENTATION_COMMENTS = YES;
				CLANG_WARN_EMPTY_BODY = YES;
				CLANG_WARN_ENUM_CONVERSION = YES;
				CLANG_WARN_INFINITE_RECURSION = YES;
				CLANG_WARN_INT_CONVERSION = YES;
				CLANG_WARN_NON_LITERAL_NULL_CONVERSION = YES;
				CLANG_WARN_OBJC_IMPLICIT_RETAIN_SELF = YES;
				CLANG_WARN_OBJC_LITERAL_CONVERSION = YES;
				CLANG_WARN_OBJC_ROOT_CLASS = YES_ERROR;
				CLANG_WARN_RANGE_LOOP_ANALYSIS = YES;
				CLANG_WARN_STRICT_PROTOTYPES = YES;
				CLANG_WARN_SUSPICIOUS_MOVE = YES;
				CLANG_WARN_UNGUARDED_AVAILABILITY = YES_AGGRESSIVE;
				CLANG_WARN_UNREACHABLE_CODE = YES;
				CLANG_WARN__DUPLICATE_METHOD_MATCH = YES;
				CODE_SIGN_IDENTITY = "iPhone Developer";
				COPY_PHASE_STRIP = NO;
				DEBUG_INFORMATION_FORMAT = dwarf;
				ENABLE_STRICT_OBJC_MSGSEND = YES;
				ENABLE_TESTABILITY = YES;
				GCC_C_LANGUAGE_STANDARD = gnu11;
				GCC_DYNAMIC_NO_PIC = NO;
				GCC_NO_COMMON_BLOCKS = YES;
				GCC_OPTIMIZATION_LEVEL = 0;
				GCC_PREPROCESSOR_DEFINITIONS = (
					"DEBUG=1",
					"$(inherited)",
				);
				GCC_WARN_64_TO_32_BIT_CONVERSION = YES;
				GCC_WARN_ABOUT_RETURN_TYPE = YES_ERROR;
				GCC_WARN_UNDECLARED_SELECTOR = YES;
				GCC_WARN_UNINITIALIZED_AUTOS = YES_AGGRESSIVE;
				GCC_WARN_UNUSED_FUNCTION = YES;
				GCC_WARN_UNUSED_VARIABLE = YES;
				IPHONEOS_DEPLOYMENT_TARGET = 12.2;
				MTL_ENABLE_DEBUG_INFO = INCLUDE_SOURCE;
				MTL_FAST_MATH = YES;
				ONLY_ACTIVE_ARCH = YES;
				SDKROOT = iphoneos;
				SWIFT_ACTIVE_COMPILATION_CONDITIONS = DEBUG;
				SWIFT_OPTIMIZATION_LEVEL = "-Onone";
			};
			name = Debug;
		};
		702A843222A3DF0700F9DAD8 /* Release */ = {
			isa = XCBuildConfiguration;
			buildSettings = {
				ALWAYS_SEARCH_USER_PATHS = NO;
				CLANG_ANALYZER_NONNULL = YES;
				CLANG_ANALYZER_NUMBER_OBJECT_CONVERSION = YES_AGGRESSIVE;
				CLANG_CXX_LANGUAGE_STANDARD = "gnu++14";
				CLANG_CXX_LIBRARY = "libc++";
				CLANG_ENABLE_MODULES = YES;
				CLANG_ENABLE_OBJC_ARC = YES;
				CLANG_ENABLE_OBJC_WEAK = YES;
				CLANG_WARN_BLOCK_CAPTURE_AUTORELEASING = YES;
				CLANG_WARN_BOOL_CONVERSION = YES;
				CLANG_WARN_COMMA = YES;
				CLANG_WARN_CONSTANT_CONVERSION = YES;
				CLANG_WARN_DEPRECATED_OBJC_IMPLEMENTATIONS = YES;
				CLANG_WARN_DIRECT_OBJC_ISA_USAGE = YES_ERROR;
				CLANG_WARN_DOCUMENTATION_COMMENTS = YES;
				CLANG_WARN_EMPTY_BODY = YES;
				CLANG_WARN_ENUM_CONVERSION = YES;
				CLANG_WARN_INFINITE_RECURSION = YES;
				CLANG_WARN_INT_CONVERSION = YES;
				CLANG_WARN_NON_LITERAL_NULL_CONVERSION = YES;
				CLANG_WARN_OBJC_IMPLICIT_RETAIN_SELF = YES;
				CLANG_WARN_OBJC_LITERAL_CONVERSION = YES;
				CLANG_WARN_OBJC_ROOT_CLASS = YES_ERROR;
				CLANG_WARN_RANGE_LOOP_ANALYSIS = YES;
				CLANG_WARN_STRICT_PROTOTYPES = YES;
				CLANG_WARN_SUSPICIOUS_MOVE = YES;
				CLANG_WARN_UNGUARDED_AVAILABILITY = YES_AGGRESSIVE;
				CLANG_WARN_UNREACHABLE_CODE = YES;
				CLANG_WARN__DUPLICATE_METHOD_MATCH = YES;
				CODE_SIGN_IDENTITY = "iPhone Developer";
				COPY_PHASE_STRIP = NO;
				DEBUG_INFORMATION_FORMAT = "dwarf-with-dsym";
				ENABLE_NS_ASSERTIONS = NO;
				ENABLE_STRICT_OBJC_MSGSEND = YES;
				GCC_C_LANGUAGE_STANDARD = gnu11;
				GCC_NO_COMMON_BLOCKS = YES;
				GCC_WARN_64_TO_32_BIT_CONVERSION = YES;
				GCC_WARN_ABOUT_RETURN_TYPE = YES_ERROR;
				GCC_WARN_UNDECLARED_SELECTOR = YES;
				GCC_WARN_UNINITIALIZED_AUTOS = YES_AGGRESSIVE;
				GCC_WARN_UNUSED_FUNCTION = YES;
				GCC_WARN_UNUSED_VARIABLE = YES;
				IPHONEOS_DEPLOYMENT_TARGET = 12.2;
				MTL_ENABLE_DEBUG_INFO = NO;
				MTL_FAST_MATH = YES;
				SDKROOT = iphoneos;
				SWIFT_COMPILATION_MODE = wholemodule;
				SWIFT_OPTIMIZATION_LEVEL = "-O";
				VALIDATE_PRODUCT = YES;
			};
			name = Release;
		};
		702A843422A3DF0700F9DAD8 /* Debug */ = {
			isa = XCBuildConfiguration;
			buildSettings = {
				ASSETCATALOG_COMPILER_APPICON_NAME = AppIcon;
				CODE_SIGN_STYLE = Automatic;
				DEVELOPMENT_TEAM = PD8D5SRM3M;
				INFOPLIST_FILE = storeApp/Info.plist;
				LD_RUNPATH_SEARCH_PATHS = (
					"$(inherited)",
					"@executable_path/Frameworks",
				);
				PRODUCT_BUNDLE_IDENTIFIER = "mohamed-gamal.storeApp";
				PRODUCT_NAME = "$(TARGET_NAME)";
				SWIFT_VERSION = 5.0;
				TARGETED_DEVICE_FAMILY = "1,2";
			};
			name = Debug;
		};
		702A843522A3DF0700F9DAD8 /* Release */ = {
			isa = XCBuildConfiguration;
			buildSettings = {
				ASSETCATALOG_COMPILER_APPICON_NAME = AppIcon;
				CODE_SIGN_STYLE = Automatic;
				DEVELOPMENT_TEAM = PD8D5SRM3M;
				INFOPLIST_FILE = storeApp/Info.plist;
				LD_RUNPATH_SEARCH_PATHS = (
					"$(inherited)",
					"@executable_path/Frameworks",
				);
				PRODUCT_BUNDLE_IDENTIFIER = "mohamed-gamal.storeApp";
				PRODUCT_NAME = "$(TARGET_NAME)";
				SWIFT_VERSION = 5.0;
				TARGETED_DEVICE_FAMILY = "1,2";
			};
			name = Release;
		};
/* End XCBuildConfiguration section */

/* Begin XCConfigurationList section */
		702A841922A3DF0500F9DAD8 /* Build configuration list for PBXProject "storeApp" */ = {
			isa = XCConfigurationList;
			buildConfigurations = (
				702A843122A3DF0700F9DAD8 /* Debug */,
				702A843222A3DF0700F9DAD8 /* Release */,
			);
			defaultConfigurationIsVisible = 0;
			defaultConfigurationName = Release;
		};
		702A843322A3DF0700F9DAD8 /* Build configuration list for PBXNativeTarget "storeApp" */ = {
			isa = XCConfigurationList;
			buildConfigurations = (
				702A843422A3DF0700F9DAD8 /* Debug */,
				702A843522A3DF0700F9DAD8 /* Release */,
			);
			defaultConfigurationIsVisible = 0;
			defaultConfigurationName = Release;
		};
/* End XCConfigurationList section */

/* Begin XCVersionGroup section */
		702A842822A3DF0500F9DAD8 /* storeApp.xcdatamodeld */ = {
			isa = XCVersionGroup;
			children = (
				702A842922A3DF0500F9DAD8 /* storeApp.xcdatamodel */,
			);
			currentVersion = 702A842922A3DF0500F9DAD8 /* storeApp.xcdatamodel */;
			path = storeApp.xcdatamodeld;
			sourceTree = "<group>";
			versionGroupType = wrapper.xcdatamodel;
		};
/* End XCVersionGroup section */
	};
	rootObject = 702A841622A3DF0500F9DAD8 /* Project object */;
}
